
Microsoft Visual Studio Solution File, Format Version 12.00
# Visual Studio Version 17
VisualStudioVersion = 17.14.36414.22 d17.14
MinimumVisualStudioVersion = 10.0.40219.1
Project("{FAE04EC0-301F-11D3-BF4B-00C04F79EFBC}") = "Philosophers.ConsoleApp", "ConsoleApp1\Philosophers.ConsoleApp.csproj", "{5E84AEF7-8BED-4C78-B28F-16F7CE4E08CA}"
EndProject
Project("{FAE04EC0-301F-11D3-BF4B-00C04F79EFBC}") = "Philosophers.Core", "Philosophers.Core\Philosophers.Core.csproj", "{012EBEA0-DA3A-4CE7-93D2-BC762DA343D2}"
EndProject
Project("{FAE04EC0-301F-11D3-BF4B-00C04F79EFBC}") = "Philosophers.Strategies", "Philosophers.Strategies\Philosophers.Strategies.csproj", "{94D56EEB-2845-4593-BE21-D14A584CE7D4}"
EndProject
Global
	GlobalSection(SolutionConfigurationPlatforms) = preSolution
		Debug|Any CPU = Debug|Any CPU
		Release|Any CPU = Release|Any CPU
	EndGlobalSection
	GlobalSection(ProjectConfigurationPlatforms) = postSolution
		{5E84AEF7-8BED-4C78-B28F-16F7CE4E08CA}.Debug|Any CPU.ActiveCfg = Debug|Any CPU
		{5E84AEF7-8BED-4C78-B28F-16F7CE4E08CA}.Debug|Any CPU.Build.0 = Debug|Any CPU
		{5E84AEF7-8BED-4C78-B28F-16F7CE4E08CA}.Release|Any CPU.ActiveCfg = Release|Any CPU
		{5E84AEF7-8BED-4C78-B28F-16F7CE4E08CA}.Release|Any CPU.Build.0 = Release|Any CPU
		{012EBEA0-DA3A-4CE7-93D2-BC762DA343D2}.Debug|Any CPU.ActiveCfg = Debug|Any CPU
		{012EBEA0-DA3A-4CE7-93D2-BC762DA343D2}.Debug|Any CPU.Build.0 = Debug|Any CPU
		{012EBEA0-DA3A-4CE7-93D2-BC762DA343D2}.Release|Any CPU.ActiveCfg = Release|Any CPU
		{012EBEA0-DA3A-4CE7-93D2-BC762DA343D2}.Release|Any CPU.Build.0 = Release|Any CPU
		{94D56EEB-2845-4593-BE21-D14A584CE7D4}.Debug|Any CPU.ActiveCfg = Debug|Any CPU
		{94D56EEB-2845-4593-BE21-D14A584CE7D4}.Debug|Any CPU.Build.0 = Debug|Any CPU
		{94D56EEB-2845-4593-BE21-D14A584CE7D4}.Release|Any CPU.ActiveCfg = Release|Any CPU
		{94D56EEB-2845-4593-BE21-D14A584CE7D4}.Release|Any CPU.Build.0 = Release|Any CPU
	EndGlobalSection
	GlobalSection(SolutionProperties) = preSolution
		HideSolutionNode = FALSE
	EndGlobalSection
	GlobalSection(ExtensibilityGlobals) = postSolution
		SolutionGuid = {5553CEA4-DF81-462C-A179-D283B3819309}
	EndGlobalSection
EndGlobal
